
Microsoft Visual Studio Solution File, Format Version 12.00
# Visual Studio Version 16
VisualStudioVersion = 16.0.30717.126
MinimumVisualStudioVersion = 10.0.40219.1
Project("{9A19103F-16F7-4668-BE54-9A1E7A4F7556}") = "DataSerialization", "DataSerialization\DataSerialization.csproj", "{1AB94820-D44B-437E-9594-2F98C231DB0C}"
EndProject
Project("{FAE04EC0-301F-11D3-BF4B-00C04F79EFBC}") = "DynamicDataSerialization", "DynamicDataSerialization\DynamicDataSerialization.csproj", "{63D8C113-97FB-4A3B-A995-14211A659322}"
EndProject
Global
	GlobalSection(SolutionConfigurationPlatforms) = preSolution
		Debug|Any CPU = Debug|Any CPU
		Release|Any CPU = Release|Any CPU
	EndGlobalSection
	GlobalSection(ProjectConfigurationPlatforms) = postSolution
		{1AB94820-D44B-437E-9594-2F98C231DB0C}.Debug|Any CPU.ActiveCfg = Debug|Any CPU
		{1AB94820-D44B-437E-9594-2F98C231DB0C}.Debug|Any CPU.Build.0 = Debug|Any CPU
		{1AB94820-D44B-437E-9594-2F98C231DB0C}.Release|Any CPU.ActiveCfg = Release|Any CPU
		{1AB94820-D44B-437E-9594-2F98C231DB0C}.Release|Any CPU.Build.0 = Release|Any CPU
		{63D8C113-97FB-4A3B-A995-14211A659322}.Debug|Any CPU.ActiveCfg = Debug|Any CPU
		{63D8C113-97FB-4A3B-A995-14211A659322}.Debug|Any CPU.Build.0 = Debug|Any CPU
		{63D8C113-97FB-4A3B-A995-14211A659322}.Release|Any CPU.ActiveCfg = Release|Any CPU
		{63D8C113-97FB-4A3B-A995-14211A659322}.Release|Any CPU.Build.0 = Release|Any CPU
	EndGlobalSection
	GlobalSection(SolutionProperties) = preSolution
		HideSolutionNode = FALSE
	EndGlobalSection
	GlobalSection(ExtensibilityGlobals) = postSolution
		SolutionGuid = {8B311942-6D05-45A6-AC4B-9DDDCBD7ACE4}
	EndGlobalSection
EndGlobal
